
Microsoft Visual Studio Solution File, Format Version 12.00
# Visual Studio Version 17
VisualStudioVersion = 17.2.32616.157
MinimumVisualStudioVersion = 10.0.40219.1
Project("{FAE04EC0-301F-11D3-BF4B-00C04F79EFBC}") = "CRUDproject", "CRUDproject\CRUDproject.csproj", "{CCD4F423-176A-4F15-8361-DEF403C75304}"
EndProject
Global
	GlobalSection(SolutionConfigurationPlatforms) = preSolution
		Debug|Any CPU = Debug|Any CPU
		Release|Any CPU = Release|Any CPU
	EndGlobalSection
	GlobalSection(ProjectConfigurationPlatforms) = postSolution
		{CCD4F423-176A-4F15-8361-DEF403C75304}.Debug|Any CPU.ActiveCfg = Debug|Any CPU
		{CCD4F423-176A-4F15-8361-DEF403C75304}.Debug|Any CPU.Build.0 = Debug|Any CPU
		{CCD4F423-176A-4F15-8361-DEF403C75304}.Release|Any CPU.ActiveCfg = Release|Any CPU
		{CCD4F423-176A-4F15-8361-DEF403C75304}.Release|Any CPU.Build.0 = Release|Any CPU
	EndGlobalSection
	GlobalSection(SolutionProperties) = preSolution
		HideSolutionNode = FALSE
	EndGlobalSection
	GlobalSection(ExtensibilityGlobals) = postSolution
		SolutionGuid = {D7E03046-8BFD-4E23-8499-21171D182BAA}
	EndGlobalSection
EndGlobal
